
Microsoft Visual Studio Solution File, Format Version 12.00
# Visual Studio 15
VisualStudioVersion = 15.0.27428.2027
MinimumVisualStudioVersion = 10.0.40219.1
Project("{FAE04EC0-301F-11D3-BF4B-00C04F79EFBC}") = "АРМ Менеджера гостиницы", "АРМ Менеджера гостиницы\АРМ Менеджера гостиницы.csproj", "{C1F6C045-B424-4FE6-A6C4-7EC87BEDB8C3}"
EndProject
Project("{FAE04EC0-301F-11D3-BF4B-00C04F79EFBC}") = "DAL", "DAL\DAL.csproj", "{5C2AEDA4-A285-4383-AD6A-2CEB11A3516F}"
EndProject
Project("{FAE04EC0-301F-11D3-BF4B-00C04F79EFBC}") = "Services", "Services\Services.csproj", "{A5740A3D-2C39-484A-816B-44A84BD7A043}"
EndProject
Project("{FAE04EC0-301F-11D3-BF4B-00C04F79EFBC}") = "Model", "Model\Model.csproj", "{7D8ED4E0-956A-46C6-B89E-C1F9C4E0073E}"
EndProject
Global
	GlobalSection(SolutionConfigurationPlatforms) = preSolution
		Debug|Any CPU = Debug|Any CPU
		Release|Any CPU = Release|Any CPU
	EndGlobalSection
	GlobalSection(ProjectConfigurationPlatforms) = postSolution
		{C1F6C045-B424-4FE6-A6C4-7EC87BEDB8C3}.Debug|Any CPU.ActiveCfg = Debug|Any CPU
		{C1F6C045-B424-4FE6-A6C4-7EC87BEDB8C3}.Debug|Any CPU.Build.0 = Debug|Any CPU
		{C1F6C045-B424-4FE6-A6C4-7EC87BEDB8C3}.Release|Any CPU.ActiveCfg = Release|Any CPU
		{C1F6C045-B424-4FE6-A6C4-7EC87BEDB8C3}.Release|Any CPU.Build.0 = Release|Any CPU
		{5C2AEDA4-A285-4383-AD6A-2CEB11A3516F}.Debug|Any CPU.ActiveCfg = Debug|Any CPU
		{5C2AEDA4-A285-4383-AD6A-2CEB11A3516F}.Debug|Any CPU.Build.0 = Debug|Any CPU
		{5C2AEDA4-A285-4383-AD6A-2CEB11A3516F}.Release|Any CPU.ActiveCfg = Release|Any CPU
		{5C2AEDA4-A285-4383-AD6A-2CEB11A3516F}.Release|Any CPU.Build.0 = Release|Any CPU
		{A5740A3D-2C39-484A-816B-44A84BD7A043}.Debug|Any CPU.ActiveCfg = Debug|Any CPU
		{A5740A3D-2C39-484A-816B-44A84BD7A043}.Debug|Any CPU.Build.0 = Debug|Any CPU
		{A5740A3D-2C39-484A-816B-44A84BD7A043}.Release|Any CPU.ActiveCfg = Release|Any CPU
		{A5740A3D-2C39-484A-816B-44A84BD7A043}.Release|Any CPU.Build.0 = Release|Any CPU
		{7D8ED4E0-956A-46C6-B89E-C1F9C4E0073E}.Debug|Any CPU.ActiveCfg = Debug|Any CPU
		{7D8ED4E0-956A-46C6-B89E-C1F9C4E0073E}.Debug|Any CPU.Build.0 = Debug|Any CPU
		{7D8ED4E0-956A-46C6-B89E-C1F9C4E0073E}.Release|Any CPU.ActiveCfg = Release|Any CPU
		{7D8ED4E0-956A-46C6-B89E-C1F9C4E0073E}.Release|Any CPU.Build.0 = Release|Any CPU
	EndGlobalSection
	GlobalSection(SolutionProperties) = preSolution
		HideSolutionNode = FALSE
	EndGlobalSection
	GlobalSection(ExtensibilityGlobals) = postSolution
		SolutionGuid = {BFFC3D90-DC62-442C-94DC-98B5C5D1A52B}
	EndGlobalSection
EndGlobal
